# This file is automatically @generated by Cargo.
# It is not intended for manual editing.
version = 3

[[package]]
name = "assoc"
version = "0.1.2"
source = "registry+https://github.com/rust-lang/crates.io-index"
checksum = "37200bb9adb6850bb06aa3970a77e9697a446ed37517cfd0a8207b2de8cd53a8"

[[package]]
name = "data-preview"
version = "0.1.0"
dependencies = [
 "assoc",
 "pretty-xmlish",
]

[[package]]
name = "pretty-xmlish"
version = "0.1.11"
